
Microsoft Visual Studio Solution File, Format Version 12.00
# Visual Studio Version 16
VisualStudioVersion = 16.0.28407.52
MinimumVisualStudioVersion = 10.0.40219.1
Project("{9A19103F-16F7-4668-BE54-9A1E7A4F7556}") = "ironmunge", "src\ironmunge\ironmunge.csproj", "{60082FD1-ACBA-40E2-8C1A-08421E9CD3F7}"
EndProject
Project("{9A19103F-16F7-4668-BE54-9A1E7A4F7556}") = "SaveManager", "src\SaveManager\SaveManager.csproj", "{C983FC07-7D19-47FC-9321-074687B8D2C6}"
EndProject
Project("{2150E333-8FDC-42A3-9474-1A3956D46DE8}") = "build", "build", "{398B1DD8-0E1B-4143-A122-1BE1760E460D}"
	ProjectSection(SolutionItems) = preProject
		build\azure-pipelines.yml = build\azure-pipelines.yml
		build\deploy-win.sh = build\deploy-win.sh
		build\publish-plugins.yml = build\publish-plugins.yml
		build\publish-rid.yml = build\publish-rid.yml
	EndProjectSection
EndProject
Project("{9A19103F-16F7-4668-BE54-9A1E7A4F7556}") = "Ironmunge.Common", "src\Ironmunge.Common\Ironmunge.Common.csproj", "{6830F1FB-7903-4756-9378-3884B928BDA7}"
EndProject
Project("{2150E333-8FDC-42A3-9474-1A3956D46DE8}") = "plugins", "plugins", "{210F8A97-F4C9-482A-8B43-154677EEDD27}"
EndProject
Project("{9A19103F-16F7-4668-BE54-9A1E7A4F7556}") = "ChronicleMunger", "src\plugins\ChronicleMunger\ChronicleMunger.csproj", "{69C9C480-FA53-48BB-93E0-2A81FE0651B4}"
EndProject
Project("{9A19103F-16F7-4668-BE54-9A1E7A4F7556}") = "Ironmunge.Plugins", "src\Ironmunge.Plugins\Ironmunge.Plugins.csproj", "{FE0BB02B-C752-4BA8-A53A-EA4F3EB4B14C}"
EndProject
Project("{FAE04EC0-301F-11D3-BF4B-00C04F79EFBC}") = "CrusaderKings2", "src\plugins\CrusaderKings2\CrusaderKings2.csproj", "{3DFA4FD7-2953-43F5-8120-188E10D05D19}"
EndProject
Project("{FAE04EC0-301F-11D3-BF4B-00C04F79EFBC}") = "KingdomComeDeliverance", "src\plugins\KingdomComeDeliverance\KingdomComeDeliverance.csproj", "{C9CDA61F-30AC-4B6F-A40E-E7FEF8C62FD9}"
EndProject
Global
	GlobalSection(SolutionConfigurationPlatforms) = preSolution
		Debug|Any CPU = Debug|Any CPU
		Release|Any CPU = Release|Any CPU
	EndGlobalSection
	GlobalSection(ProjectConfigurationPlatforms) = postSolution
		{60082FD1-ACBA-40E2-8C1A-08421E9CD3F7}.Debug|Any CPU.ActiveCfg = Debug|Any CPU
		{60082FD1-ACBA-40E2-8C1A-08421E9CD3F7}.Debug|Any CPU.Build.0 = Debug|Any CPU
		{60082FD1-ACBA-40E2-8C1A-08421E9CD3F7}.Release|Any CPU.ActiveCfg = Release|Any CPU
		{60082FD1-ACBA-40E2-8C1A-08421E9CD3F7}.Release|Any CPU.Build.0 = Release|Any CPU
		{C983FC07-7D19-47FC-9321-074687B8D2C6}.Debug|Any CPU.ActiveCfg = Debug|Any CPU
		{C983FC07-7D19-47FC-9321-074687B8D2C6}.Debug|Any CPU.Build.0 = Debug|Any CPU
		{C983FC07-7D19-47FC-9321-074687B8D2C6}.Release|Any CPU.ActiveCfg = Release|Any CPU
		{C983FC07-7D19-47FC-9321-074687B8D2C6}.Release|Any CPU.Build.0 = Release|Any CPU
		{6830F1FB-7903-4756-9378-3884B928BDA7}.Debug|Any CPU.ActiveCfg = Debug|Any CPU
		{6830F1FB-7903-4756-9378-3884B928BDA7}.Debug|Any CPU.Build.0 = Debug|Any CPU
		{6830F1FB-7903-4756-9378-3884B928BDA7}.Release|Any CPU.ActiveCfg = Release|Any CPU
		{6830F1FB-7903-4756-9378-3884B928BDA7}.Release|Any CPU.Build.0 = Release|Any CPU
		{69C9C480-FA53-48BB-93E0-2A81FE0651B4}.Debug|Any CPU.ActiveCfg = Debug|Any CPU
		{69C9C480-FA53-48BB-93E0-2A81FE0651B4}.Debug|Any CPU.Build.0 = Debug|Any CPU
		{69C9C480-FA53-48BB-93E0-2A81FE0651B4}.Release|Any CPU.ActiveCfg = Release|Any CPU
		{69C9C480-FA53-48BB-93E0-2A81FE0651B4}.Release|Any CPU.Build.0 = Release|Any CPU
		{FE0BB02B-C752-4BA8-A53A-EA4F3EB4B14C}.Debug|Any CPU.ActiveCfg = Debug|Any CPU
		{FE0BB02B-C752-4BA8-A53A-EA4F3EB4B14C}.Debug|Any CPU.Build.0 = Debug|Any CPU
		{FE0BB02B-C752-4BA8-A53A-EA4F3EB4B14C}.Release|Any CPU.ActiveCfg = Release|Any CPU
		{FE0BB02B-C752-4BA8-A53A-EA4F3EB4B14C}.Release|Any CPU.Build.0 = Release|Any CPU
		{3DFA4FD7-2953-43F5-8120-188E10D05D19}.Debug|Any CPU.ActiveCfg = Debug|Any CPU
		{3DFA4FD7-2953-43F5-8120-188E10D05D19}.Debug|Any CPU.Build.0 = Debug|Any CPU
		{3DFA4FD7-2953-43F5-8120-188E10D05D19}.Release|Any CPU.ActiveCfg = Release|Any CPU
		{3DFA4FD7-2953-43F5-8120-188E10D05D19}.Release|Any CPU.Build.0 = Release|Any CPU
		{C9CDA61F-30AC-4B6F-A40E-E7FEF8C62FD9}.Debug|Any CPU.ActiveCfg = Debug|Any CPU
		{C9CDA61F-30AC-4B6F-A40E-E7FEF8C62FD9}.Debug|Any CPU.Build.0 = Debug|Any CPU
		{C9CDA61F-30AC-4B6F-A40E-E7FEF8C62FD9}.Release|Any CPU.ActiveCfg = Release|Any CPU
		{C9CDA61F-30AC-4B6F-A40E-E7FEF8C62FD9}.Release|Any CPU.Build.0 = Release|Any CPU
	EndGlobalSection
	GlobalSection(SolutionProperties) = preSolution
		HideSolutionNode = FALSE
	EndGlobalSection
	GlobalSection(NestedProjects) = preSolution
		{69C9C480-FA53-48BB-93E0-2A81FE0651B4} = {210F8A97-F4C9-482A-8B43-154677EEDD27}
		{3DFA4FD7-2953-43F5-8120-188E10D05D19} = {210F8A97-F4C9-482A-8B43-154677EEDD27}
		{C9CDA61F-30AC-4B6F-A40E-E7FEF8C62FD9} = {210F8A97-F4C9-482A-8B43-154677EEDD27}
	EndGlobalSection
	GlobalSection(ExtensibilityGlobals) = postSolution
		SolutionGuid = {7ADE3774-E4CC-4BCB-8F43-5B2718180A48}
	EndGlobalSection
EndGlobal
